
Microsoft Visual Studio Solution File, Format Version 12.00
# Visual Studio Version 16
VisualStudioVersion = 16.0.30503.244
MinimumVisualStudioVersion = 10.0.40219.1
Project("{FAE04EC0-301F-11D3-BF4B-00C04F79EFBC}") = "labs5", "labs5\labs5.csproj", "{B13C7F01-237D-4304-8EFD-53F78A1D1568}"
EndProject
Global
	GlobalSection(SolutionConfigurationPlatforms) = preSolution
		Debug|Any CPU = Debug|Any CPU
		Release|Any CPU = Release|Any CPU
	EndGlobalSection
	GlobalSection(ProjectConfigurationPlatforms) = postSolution
		{B13C7F01-237D-4304-8EFD-53F78A1D1568}.Debug|Any CPU.ActiveCfg = Debug|Any CPU
		{B13C7F01-237D-4304-8EFD-53F78A1D1568}.Debug|Any CPU.Build.0 = Debug|Any CPU
		{B13C7F01-237D-4304-8EFD-53F78A1D1568}.Release|Any CPU.ActiveCfg = Release|Any CPU
		{B13C7F01-237D-4304-8EFD-53F78A1D1568}.Release|Any CPU.Build.0 = Release|Any CPU
	EndGlobalSection
	GlobalSection(SolutionProperties) = preSolution
		HideSolutionNode = FALSE
	EndGlobalSection
	GlobalSection(ExtensibilityGlobals) = postSolution
		SolutionGuid = {649EA284-09D5-46B1-9FDA-A2C8114D32F1}
	EndGlobalSection
EndGlobal
